
Microsoft Visual Studio Solution File, Format Version 12.00
# Visual Studio 15
VisualStudioVersion = 15.0.26430.16
MinimumVisualStudioVersion = 10.0.40219.1
Project("{FAE04EC0-301F-11D3-BF4B-00C04F79EFBC}") = "SportsStore.Domain", "SportsStore.Domain\SportsStore.Domain.csproj", "{39423F92-4ACC-472B-8B04-E6D13E8376DF}"
EndProject
Project("{FAE04EC0-301F-11D3-BF4B-00C04F79EFBC}") = "SportsStore.WebUI", "SportsStore.WebUI\SportsStore.WebUI.csproj", "{6056C47C-6242-486C-B287-A281D1EE6A52}"
EndProject
Project("{FAE04EC0-301F-11D3-BF4B-00C04F79EFBC}") = "SportsStore.UnitTests", "SportsStore.UnitTests\SportsStore.UnitTests.csproj", "{F5C0F0C8-D181-4260-9872-7F57332946B0}"
EndProject
Global
	GlobalSection(SolutionConfigurationPlatforms) = preSolution
		Debug|Any CPU = Debug|Any CPU
		Release|Any CPU = Release|Any CPU
	EndGlobalSection
	GlobalSection(ProjectConfigurationPlatforms) = postSolution
		{39423F92-4ACC-472B-8B04-E6D13E8376DF}.Debug|Any CPU.ActiveCfg = Debug|Any CPU
		{39423F92-4ACC-472B-8B04-E6D13E8376DF}.Debug|Any CPU.Build.0 = Debug|Any CPU
		{39423F92-4ACC-472B-8B04-E6D13E8376DF}.Release|Any CPU.ActiveCfg = Release|Any CPU
		{39423F92-4ACC-472B-8B04-E6D13E8376DF}.Release|Any CPU.Build.0 = Release|Any CPU
		{6056C47C-6242-486C-B287-A281D1EE6A52}.Debug|Any CPU.ActiveCfg = Debug|Any CPU
		{6056C47C-6242-486C-B287-A281D1EE6A52}.Debug|Any CPU.Build.0 = Debug|Any CPU
		{6056C47C-6242-486C-B287-A281D1EE6A52}.Release|Any CPU.ActiveCfg = Release|Any CPU
		{6056C47C-6242-486C-B287-A281D1EE6A52}.Release|Any CPU.Build.0 = Release|Any CPU
		{F5C0F0C8-D181-4260-9872-7F57332946B0}.Debug|Any CPU.ActiveCfg = Debug|Any CPU
		{F5C0F0C8-D181-4260-9872-7F57332946B0}.Debug|Any CPU.Build.0 = Debug|Any CPU
		{F5C0F0C8-D181-4260-9872-7F57332946B0}.Release|Any CPU.ActiveCfg = Release|Any CPU
		{F5C0F0C8-D181-4260-9872-7F57332946B0}.Release|Any CPU.Build.0 = Release|Any CPU
	EndGlobalSection
	GlobalSection(SolutionProperties) = preSolution
		HideSolutionNode = FALSE
	EndGlobalSection
EndGlobal
